
Microsoft Visual Studio Solution File, Format Version 12.00
# Visual Studio 15
VisualStudioVersion = 15.0.26730.10
MinimumVisualStudioVersion = 10.0.40219.1

Project("{6EC3EE1D-3C4E-46DD-8F32-0CC8E7565705}") = "FabulousPlanets", "FabulousPlanets\FabulousPlanets.fsproj", "{AFC7A38E-7586-4121-A411-B4C849A0125E}"
EndProject

Project("{F2A71F9B-5D33-465A-A702-920D77279786}") = "FabulousPlanets.Android", "FabulousPlanets.Android\FabulousPlanets.Android.fsproj", "{58A0C07B-DBFD-4313-9CEB-D79D760D4C7B}"
EndProject

Project("{F2A71F9B-5D33-465A-A702-920D77279786}") = "FabulousPlanets.iOS", "FabulousPlanets.iOS\FabulousPlanets.iOS.fsproj", "{2908C674-F809-4FD8-AC3B-DB864831C86C}"
EndProject



Global
	GlobalSection(SolutionConfigurationPlatforms) = preSolution
		Ad-Hoc|Any CPU = Ad-Hoc|Any CPU
		Ad-Hoc|ARM = Ad-Hoc|ARM
		Ad-Hoc|iPhone = Ad-Hoc|iPhone
		Ad-Hoc|iPhoneSimulator = Ad-Hoc|iPhoneSimulator
		Ad-Hoc|x64 = Ad-Hoc|x64
		Ad-Hoc|x86 = Ad-Hoc|x86
		AppStore|Any CPU = AppStore|Any CPU
		AppStore|ARM = AppStore|ARM
		AppStore|iPhone = AppStore|iPhone
		AppStore|iPhoneSimulator = AppStore|iPhoneSimulator
		AppStore|x64 = AppStore|x64
		AppStore|x86 = AppStore|x86
		Debug|Any CPU = Debug|Any CPU
		Debug|ARM = Debug|ARM
		Debug|iPhone = Debug|iPhone
		Debug|iPhoneSimulator = Debug|iPhoneSimulator
		Debug|x64 = Debug|x64
		Debug|x86 = Debug|x86
		Release|Any CPU = Release|Any CPU
		Release|ARM = Release|ARM
		Release|iPhone = Release|iPhone
		Release|iPhoneSimulator = Release|iPhoneSimulator
		Release|x64 = Release|x64
		Release|x86 = Release|x86
	EndGlobalSection
	GlobalSection(ProjectConfigurationPlatforms) = postSolution
		{AFC7A38E-7586-4121-A411-B4C849A0125E}.Ad-Hoc|Any CPU.ActiveCfg = Debug|Any CPU
		{AFC7A38E-7586-4121-A411-B4C849A0125E}.Ad-Hoc|Any CPU.Build.0 = Debug|Any CPU
		{AFC7A38E-7586-4121-A411-B4C849A0125E}.Ad-Hoc|ARM.ActiveCfg = Debug|Any CPU
		{AFC7A38E-7586-4121-A411-B4C849A0125E}.Ad-Hoc|ARM.Build.0 = Debug|Any CPU
		{AFC7A38E-7586-4121-A411-B4C849A0125E}.Ad-Hoc|iPhone.ActiveCfg = Debug|Any CPU
		{AFC7A38E-7586-4121-A411-B4C849A0125E}.Ad-Hoc|iPhone.Build.0 = Debug|Any CPU
		{AFC7A38E-7586-4121-A411-B4C849A0125E}.Ad-Hoc|iPhoneSimulator.ActiveCfg = Debug|Any CPU
		{AFC7A38E-7586-4121-A411-B4C849A0125E}.Ad-Hoc|iPhoneSimulator.Build.0 = Debug|Any CPU
		{AFC7A38E-7586-4121-A411-B4C849A0125E}.Ad-Hoc|x64.ActiveCfg = Debug|Any CPU
		{AFC7A38E-7586-4121-A411-B4C849A0125E}.Ad-Hoc|x64.Build.0 = Debug|Any CPU
		{AFC7A38E-7586-4121-A411-B4C849A0125E}.Ad-Hoc|x86.ActiveCfg = Debug|Any CPU
		{AFC7A38E-7586-4121-A411-B4C849A0125E}.Ad-Hoc|x86.Build.0 = Debug|Any CPU
		{AFC7A38E-7586-4121-A411-B4C849A0125E}.AppStore|Any CPU.ActiveCfg = Debug|Any CPU
		{AFC7A38E-7586-4121-A411-B4C849A0125E}.AppStore|Any CPU.Build.0 = Debug|Any CPU
		{AFC7A38E-7586-4121-A411-B4C849A0125E}.AppStore|ARM.ActiveCfg = Debug|Any CPU
		{AFC7A38E-7586-4121-A411-B4C849A0125E}.AppStore|ARM.Build.0 = Debug|Any CPU
		{AFC7A38E-7586-4121-A411-B4C849A0125E}.AppStore|iPhone.ActiveCfg = Debug|Any CPU
		{AFC7A38E-7586-4121-A411-B4C849A0125E}.AppStore|iPhone.Build.0 = Debug|Any CPU
		{AFC7A38E-7586-4121-A411-B4C849A0125E}.AppStore|iPhoneSimulator.ActiveCfg = Debug|Any CPU
		{AFC7A38E-7586-4121-A411-B4C849A0125E}.AppStore|iPhoneSimulator.Build.0 = Debug|Any CPU
		{AFC7A38E-7586-4121-A411-B4C849A0125E}.AppStore|x64.ActiveCfg = Debug|Any CPU
		{AFC7A38E-7586-4121-A411-B4C849A0125E}.AppStore|x64.Build.0 = Debug|Any CPU
		{AFC7A38E-7586-4121-A411-B4C849A0125E}.AppStore|x86.ActiveCfg = Debug|Any CPU
		{AFC7A38E-7586-4121-A411-B4C849A0125E}.AppStore|x86.Build.0 = Debug|Any CPU
		{AFC7A38E-7586-4121-A411-B4C849A0125E}.Debug|Any CPU.ActiveCfg = Debug|Any CPU
		{AFC7A38E-7586-4121-A411-B4C849A0125E}.Debug|Any CPU.Build.0 = Debug|Any CPU
		{AFC7A38E-7586-4121-A411-B4C849A0125E}.Debug|ARM.ActiveCfg = Debug|Any CPU
		{AFC7A38E-7586-4121-A411-B4C849A0125E}.Debug|ARM.Build.0 = Debug|Any CPU
		{AFC7A38E-7586-4121-A411-B4C849A0125E}.Debug|iPhone.ActiveCfg = Debug|Any CPU
		{AFC7A38E-7586-4121-A411-B4C849A0125E}.Debug|iPhone.Build.0 = Debug|Any CPU
		{AFC7A38E-7586-4121-A411-B4C849A0125E}.Debug|iPhoneSimulator.ActiveCfg = Debug|Any CPU
		{AFC7A38E-7586-4121-A411-B4C849A0125E}.Debug|iPhoneSimulator.Build.0 = Debug|Any CPU
		{AFC7A38E-7586-4121-A411-B4C849A0125E}.Debug|x64.ActiveCfg = Debug|Any CPU
		{AFC7A38E-7586-4121-A411-B4C849A0125E}.Debug|x64.Build.0 = Debug|Any CPU
		{AFC7A38E-7586-4121-A411-B4C849A0125E}.Debug|x86.ActiveCfg = Debug|Any CPU
		{AFC7A38E-7586-4121-A411-B4C849A0125E}.Debug|x86.Build.0 = Debug|Any CPU
		{AFC7A38E-7586-4121-A411-B4C849A0125E}.Release|Any CPU.ActiveCfg = Release|Any CPU
		{AFC7A38E-7586-4121-A411-B4C849A0125E}.Release|Any CPU.Build.0 = Release|Any CPU
		{AFC7A38E-7586-4121-A411-B4C849A0125E}.Release|ARM.ActiveCfg = Release|Any CPU
		{AFC7A38E-7586-4121-A411-B4C849A0125E}.Release|ARM.Build.0 = Release|Any CPU
		{AFC7A38E-7586-4121-A411-B4C849A0125E}.Release|iPhone.ActiveCfg = Release|Any CPU
		{AFC7A38E-7586-4121-A411-B4C849A0125E}.Release|iPhone.Build.0 = Release|Any CPU
		{AFC7A38E-7586-4121-A411-B4C849A0125E}.Release|iPhoneSimulator.ActiveCfg = Release|Any CPU
		{AFC7A38E-7586-4121-A411-B4C849A0125E}.Release|iPhoneSimulator.Build.0 = Release|Any CPU
		{AFC7A38E-7586-4121-A411-B4C849A0125E}.Release|x64.ActiveCfg = Release|Any CPU
		{AFC7A38E-7586-4121-A411-B4C849A0125E}.Release|x64.Build.0 = Release|Any CPU
		{AFC7A38E-7586-4121-A411-B4C849A0125E}.Release|x86.ActiveCfg = Release|Any CPU
		{AFC7A38E-7586-4121-A411-B4C849A0125E}.Release|x86.Build.0 = Release|Any CPU
		{2908C674-F809-4FD8-AC3B-DB864831C86C}.Ad-Hoc|Any CPU.ActiveCfg = Ad-Hoc|iPhone
		{2908C674-F809-4FD8-AC3B-DB864831C86C}.Ad-Hoc|ARM.ActiveCfg = Ad-Hoc|iPhone
		{2908C674-F809-4FD8-AC3B-DB864831C86C}.Ad-Hoc|iPhone.ActiveCfg = Ad-Hoc|iPhone
		{2908C674-F809-4FD8-AC3B-DB864831C86C}.Ad-Hoc|iPhone.Build.0 = Ad-Hoc|iPhone
		{2908C674-F809-4FD8-AC3B-DB864831C86C}.Ad-Hoc|iPhoneSimulator.ActiveCfg = Ad-Hoc|iPhoneSimulator
		{2908C674-F809-4FD8-AC3B-DB864831C86C}.Ad-Hoc|iPhoneSimulator.Build.0 = Ad-Hoc|iPhoneSimulator
		{2908C674-F809-4FD8-AC3B-DB864831C86C}.Ad-Hoc|x64.ActiveCfg = Ad-Hoc|iPhone
		{2908C674-F809-4FD8-AC3B-DB864831C86C}.Ad-Hoc|x86.ActiveCfg = Ad-Hoc|iPhone
		{2908C674-F809-4FD8-AC3B-DB864831C86C}.AppStore|Any CPU.ActiveCfg = AppStore|iPhone
		{2908C674-F809-4FD8-AC3B-DB864831C86C}.AppStore|ARM.ActiveCfg = AppStore|iPhone
		{2908C674-F809-4FD8-AC3B-DB864831C86C}.AppStore|iPhone.ActiveCfg = AppStore|iPhone
		{2908C674-F809-4FD8-AC3B-DB864831C86C}.AppStore|iPhone.Build.0 = AppStore|iPhone
		{2908C674-F809-4FD8-AC3B-DB864831C86C}.AppStore|iPhoneSimulator.ActiveCfg = AppStore|iPhoneSimulator
		{2908C674-F809-4FD8-AC3B-DB864831C86C}.AppStore|iPhoneSimulator.Build.0 = AppStore|iPhoneSimulator
		{2908C674-F809-4FD8-AC3B-DB864831C86C}.AppStore|x64.ActiveCfg = AppStore|iPhone
		{2908C674-F809-4FD8-AC3B-DB864831C86C}.AppStore|x86.ActiveCfg = AppStore|iPhone
		{2908C674-F809-4FD8-AC3B-DB864831C86C}.Debug|Any CPU.ActiveCfg = Debug|iPhone
		{2908C674-F809-4FD8-AC3B-DB864831C86C}.Debug|ARM.ActiveCfg = Debug|iPhone
		{2908C674-F809-4FD8-AC3B-DB864831C86C}.Debug|iPhone.ActiveCfg = Debug|iPhone
		{2908C674-F809-4FD8-AC3B-DB864831C86C}.Debug|iPhone.Build.0 = Debug|iPhone
		{2908C674-F809-4FD8-AC3B-DB864831C86C}.Debug|iPhoneSimulator.ActiveCfg = Debug|iPhoneSimulator
		{2908C674-F809-4FD8-AC3B-DB864831C86C}.Debug|iPhoneSimulator.Build.0 = Debug|iPhoneSimulator
		{2908C674-F809-4FD8-AC3B-DB864831C86C}.Debug|x64.ActiveCfg = Debug|iPhone
		{2908C674-F809-4FD8-AC3B-DB864831C86C}.Debug|x86.ActiveCfg = Debug|iPhone
		{2908C674-F809-4FD8-AC3B-DB864831C86C}.Release|Any CPU.ActiveCfg = Release|iPhone
		{2908C674-F809-4FD8-AC3B-DB864831C86C}.Release|ARM.ActiveCfg = Release|iPhone
		{2908C674-F809-4FD8-AC3B-DB864831C86C}.Release|iPhone.ActiveCfg = Release|iPhone
		{2908C674-F809-4FD8-AC3B-DB864831C86C}.Release|iPhone.Build.0 = Release|iPhone
		{2908C674-F809-4FD8-AC3B-DB864831C86C}.Release|iPhoneSimulator.ActiveCfg = Release|iPhoneSimulator
		{2908C674-F809-4FD8-AC3B-DB864831C86C}.Release|iPhoneSimulator.Build.0 = Release|iPhoneSimulator
		{2908C674-F809-4FD8-AC3B-DB864831C86C}.Release|x64.ActiveCfg = Release|iPhone
		{2908C674-F809-4FD8-AC3B-DB864831C86C}.Release|x86.ActiveCfg = Release|iPhone
		{260A41EC-E251-4B08-821F-8F01352F7F3B}.Ad-Hoc|Any CPU.ActiveCfg = Release|x86
		{260A41EC-E251-4B08-821F-8F01352F7F3B}.Ad-Hoc|Any CPU.Build.0 = Release|x86
		{260A41EC-E251-4B08-821F-8F01352F7F3B}.Ad-Hoc|Any CPU.Deploy.0 = Release|x86
		{260A41EC-E251-4B08-821F-8F01352F7F3B}.Ad-Hoc|ARM.ActiveCfg = Release|ARM
		{260A41EC-E251-4B08-821F-8F01352F7F3B}.Ad-Hoc|ARM.Build.0 = Release|ARM
		{260A41EC-E251-4B08-821F-8F01352F7F3B}.Ad-Hoc|ARM.Deploy.0 = Release|ARM
		{260A41EC-E251-4B08-821F-8F01352F7F3B}.Ad-Hoc|iPhone.ActiveCfg = Release|x86
		{260A41EC-E251-4B08-821F-8F01352F7F3B}.Ad-Hoc|iPhone.Build.0 = Release|x86
		{260A41EC-E251-4B08-821F-8F01352F7F3B}.Ad-Hoc|iPhone.Deploy.0 = Release|x86
		{260A41EC-E251-4B08-821F-8F01352F7F3B}.Ad-Hoc|iPhoneSimulator.ActiveCfg = Release|x86
		{260A41EC-E251-4B08-821F-8F01352F7F3B}.Ad-Hoc|iPhoneSimulator.Build.0 = Release|x86
		{260A41EC-E251-4B08-821F-8F01352F7F3B}.Ad-Hoc|iPhoneSimulator.Deploy.0 = Release|x86
		{260A41EC-E251-4B08-821F-8F01352F7F3B}.Ad-Hoc|x64.ActiveCfg = Release|x64
		{260A41EC-E251-4B08-821F-8F01352F7F3B}.Ad-Hoc|x64.Build.0 = Release|x64
		{260A41EC-E251-4B08-821F-8F01352F7F3B}.Ad-Hoc|x64.Deploy.0 = Release|x64
		{260A41EC-E251-4B08-821F-8F01352F7F3B}.Ad-Hoc|x86.ActiveCfg = Release|x86
		{260A41EC-E251-4B08-821F-8F01352F7F3B}.Ad-Hoc|x86.Build.0 = Release|x86
		{260A41EC-E251-4B08-821F-8F01352F7F3B}.Ad-Hoc|x86.Deploy.0 = Release|x86
		{260A41EC-E251-4B08-821F-8F01352F7F3B}.AppStore|Any CPU.ActiveCfg = Release|x86
		{260A41EC-E251-4B08-821F-8F01352F7F3B}.AppStore|Any CPU.Build.0 = Release|x86
		{260A41EC-E251-4B08-821F-8F01352F7F3B}.AppStore|Any CPU.Deploy.0 = Release|x86
		{260A41EC-E251-4B08-821F-8F01352F7F3B}.AppStore|ARM.ActiveCfg = Release|ARM
		{260A41EC-E251-4B08-821F-8F01352F7F3B}.AppStore|ARM.Build.0 = Release|ARM
		{260A41EC-E251-4B08-821F-8F01352F7F3B}.AppStore|ARM.Deploy.0 = Release|ARM
		{260A41EC-E251-4B08-821F-8F01352F7F3B}.AppStore|iPhone.ActiveCfg = Release|x86
		{260A41EC-E251-4B08-821F-8F01352F7F3B}.AppStore|iPhone.Build.0 = Release|x86
		{260A41EC-E251-4B08-821F-8F01352F7F3B}.AppStore|iPhone.Deploy.0 = Release|x86
		{260A41EC-E251-4B08-821F-8F01352F7F3B}.AppStore|iPhoneSimulator.ActiveCfg = Release|x86
		{260A41EC-E251-4B08-821F-8F01352F7F3B}.AppStore|iPhoneSimulator.Build.0 = Release|x86
		{260A41EC-E251-4B08-821F-8F01352F7F3B}.AppStore|iPhoneSimulator.Deploy.0 = Release|x86
		{260A41EC-E251-4B08-821F-8F01352F7F3B}.AppStore|x64.ActiveCfg = Release|x64
		{260A41EC-E251-4B08-821F-8F01352F7F3B}.AppStore|x64.Build.0 = Release|x64
		{260A41EC-E251-4B08-821F-8F01352F7F3B}.AppStore|x64.Deploy.0 = Release|x64
		{260A41EC-E251-4B08-821F-8F01352F7F3B}.AppStore|x86.ActiveCfg = Release|x86
		{260A41EC-E251-4B08-821F-8F01352F7F3B}.AppStore|x86.Build.0 = Release|x86
		{260A41EC-E251-4B08-821F-8F01352F7F3B}.AppStore|x86.Deploy.0 = Release|x86
		{260A41EC-E251-4B08-821F-8F01352F7F3B}.Debug|Any CPU.ActiveCfg = Debug|x86
		{260A41EC-E251-4B08-821F-8F01352F7F3B}.Debug|ARM.ActiveCfg = Debug|ARM
		{260A41EC-E251-4B08-821F-8F01352F7F3B}.Debug|ARM.Build.0 = Debug|ARM
		{260A41EC-E251-4B08-821F-8F01352F7F3B}.Debug|ARM.Deploy.0 = Debug|ARM
		{260A41EC-E251-4B08-821F-8F01352F7F3B}.Debug|iPhone.ActiveCfg = Debug|x86
		{260A41EC-E251-4B08-821F-8F01352F7F3B}.Debug|iPhoneSimulator.ActiveCfg = Debug|x86
		{260A41EC-E251-4B08-821F-8F01352F7F3B}.Debug|x64.ActiveCfg = Debug|x64
		{260A41EC-E251-4B08-821F-8F01352F7F3B}.Debug|x64.Build.0 = Debug|x64
		{260A41EC-E251-4B08-821F-8F01352F7F3B}.Debug|x64.Deploy.0 = Debug|x64
		{260A41EC-E251-4B08-821F-8F01352F7F3B}.Debug|x86.ActiveCfg = Debug|x86
		{260A41EC-E251-4B08-821F-8F01352F7F3B}.Debug|x86.Build.0 = Debug|x86
		{260A41EC-E251-4B08-821F-8F01352F7F3B}.Debug|x86.Deploy.0 = Debug|x86
		{260A41EC-E251-4B08-821F-8F01352F7F3B}.Release|Any CPU.ActiveCfg = Release|x86
		{260A41EC-E251-4B08-821F-8F01352F7F3B}.Release|ARM.ActiveCfg = Release|ARM
		{260A41EC-E251-4B08-821F-8F01352F7F3B}.Release|ARM.Build.0 = Release|ARM
		{260A41EC-E251-4B08-821F-8F01352F7F3B}.Release|ARM.Deploy.0 = Release|ARM
		{260A41EC-E251-4B08-821F-8F01352F7F3B}.Release|iPhone.ActiveCfg = Release|x86
		{260A41EC-E251-4B08-821F-8F01352F7F3B}.Release|iPhoneSimulator.ActiveCfg = Release|x86
		{260A41EC-E251-4B08-821F-8F01352F7F3B}.Release|x64.ActiveCfg = Release|x64
		{260A41EC-E251-4B08-821F-8F01352F7F3B}.Release|x64.Build.0 = Release|x64
		{260A41EC-E251-4B08-821F-8F01352F7F3B}.Release|x64.Deploy.0 = Release|x64
		{260A41EC-E251-4B08-821F-8F01352F7F3B}.Release|x86.ActiveCfg = Release|x86
		{260A41EC-E251-4B08-821F-8F01352F7F3B}.Release|x86.Build.0 = Release|x86
		{260A41EC-E251-4B08-821F-8F01352F7F3B}.Release|x86.Deploy.0 = Release|x86
		{9ECABB01-BDDC-4FD2-B559-26352FAF4D59}.Ad-Hoc|Any CPU.ActiveCfg = Release|Any CPU
		{9ECABB01-BDDC-4FD2-B559-26352FAF4D59}.Ad-Hoc|Any CPU.Build.0 = Release|Any CPU
		{9ECABB01-BDDC-4FD2-B559-26352FAF4D59}.Ad-Hoc|ARM.ActiveCfg = Release|Any CPU
		{9ECABB01-BDDC-4FD2-B559-26352FAF4D59}.Ad-Hoc|ARM.Build.0 = Release|Any CPU
		{9ECABB01-BDDC-4FD2-B559-26352FAF4D59}.Ad-Hoc|iPhone.ActiveCfg = Release|Any CPU
		{9ECABB01-BDDC-4FD2-B559-26352FAF4D59}.Ad-Hoc|iPhone.Build.0 = Release|Any CPU
		{9ECABB01-BDDC-4FD2-B559-26352FAF4D59}.Ad-Hoc|iPhoneSimulator.ActiveCfg = Release|Any CPU
		{9ECABB01-BDDC-4FD2-B559-26352FAF4D59}.Ad-Hoc|iPhoneSimulator.Build.0 = Release|Any CPU
		{9ECABB01-BDDC-4FD2-B559-26352FAF4D59}.Ad-Hoc|x64.ActiveCfg = Release|Any CPU
		{9ECABB01-BDDC-4FD2-B559-26352FAF4D59}.Ad-Hoc|x64.Build.0 = Release|Any CPU
		{9ECABB01-BDDC-4FD2-B559-26352FAF4D59}.Ad-Hoc|x86.ActiveCfg = Release|Any CPU
		{9ECABB01-BDDC-4FD2-B559-26352FAF4D59}.Ad-Hoc|x86.Build.0 = Release|Any CPU
		{9ECABB01-BDDC-4FD2-B559-26352FAF4D59}.AppStore|Any CPU.ActiveCfg = Release|Any CPU
		{9ECABB01-BDDC-4FD2-B559-26352FAF4D59}.AppStore|Any CPU.Build.0 = Release|Any CPU
		{9ECABB01-BDDC-4FD2-B559-26352FAF4D59}.AppStore|ARM.ActiveCfg = Release|Any CPU
		{9ECABB01-BDDC-4FD2-B559-26352FAF4D59}.AppStore|ARM.Build.0 = Release|Any CPU
		{9ECABB01-BDDC-4FD2-B559-26352FAF4D59}.AppStore|iPhone.ActiveCfg = Release|Any CPU
		{9ECABB01-BDDC-4FD2-B559-26352FAF4D59}.AppStore|iPhone.Build.0 = Release|Any CPU
		{9ECABB01-BDDC-4FD2-B559-26352FAF4D59}.AppStore|iPhoneSimulator.ActiveCfg = Release|Any CPU
		{9ECABB01-BDDC-4FD2-B559-26352FAF4D59}.AppStore|iPhoneSimulator.Build.0 = Release|Any CPU
		{9ECABB01-BDDC-4FD2-B559-26352FAF4D59}.AppStore|x64.ActiveCfg = Release|Any CPU
		{9ECABB01-BDDC-4FD2-B559-26352FAF4D59}.AppStore|x64.Build.0 = Release|Any CPU
		{9ECABB01-BDDC-4FD2-B559-26352FAF4D59}.AppStore|x86.ActiveCfg = Release|Any CPU
		{9ECABB01-BDDC-4FD2-B559-26352FAF4D59}.AppStore|x86.Build.0 = Release|Any CPU
		{9ECABB01-BDDC-4FD2-B559-26352FAF4D59}.Debug|Any CPU.ActiveCfg = Debug|Any CPU
		{9ECABB01-BDDC-4FD2-B559-26352FAF4D59}.Debug|Any CPU.Build.0 = Debug|Any CPU
		{9ECABB01-BDDC-4FD2-B559-26352FAF4D59}.Debug|ARM.ActiveCfg = Debug|Any CPU
		{9ECABB01-BDDC-4FD2-B559-26352FAF4D59}.Debug|ARM.Build.0 = Debug|Any CPU
		{9ECABB01-BDDC-4FD2-B559-26352FAF4D59}.Debug|iPhone.ActiveCfg = Debug|Any CPU
		{9ECABB01-BDDC-4FD2-B559-26352FAF4D59}.Debug|iPhone.Build.0 = Debug|Any CPU
		{9ECABB01-BDDC-4FD2-B559-26352FAF4D59}.Debug|iPhoneSimulator.ActiveCfg = Debug|Any CPU
		{9ECABB01-BDDC-4FD2-B559-26352FAF4D59}.Debug|iPhoneSimulator.Build.0 = Debug|Any CPU
		{9ECABB01-BDDC-4FD2-B559-26352FAF4D59}.Debug|x64.ActiveCfg = Debug|Any CPU
		{9ECABB01-BDDC-4FD2-B559-26352FAF4D59}.Debug|x64.Build.0 = Debug|Any CPU
		{9ECABB01-BDDC-4FD2-B559-26352FAF4D59}.Debug|x86.ActiveCfg = Debug|Any CPU
		{9ECABB01-BDDC-4FD2-B559-26352FAF4D59}.Debug|x86.Build.0 = Debug|Any CPU
		{9ECABB01-BDDC-4FD2-B559-26352FAF4D59}.Release|Any CPU.ActiveCfg = Release|Any CPU
		{9ECABB01-BDDC-4FD2-B559-26352FAF4D59}.Release|Any CPU.Build.0 = Release|Any CPU
		{9ECABB01-BDDC-4FD2-B559-26352FAF4D59}.Release|ARM.ActiveCfg = Release|Any CPU
		{9ECABB01-BDDC-4FD2-B559-26352FAF4D59}.Release|ARM.Build.0 = Release|Any CPU
		{9ECABB01-BDDC-4FD2-B559-26352FAF4D59}.Release|iPhone.ActiveCfg = Release|Any CPU
		{9ECABB01-BDDC-4FD2-B559-26352FAF4D59}.Release|iPhone.Build.0 = Release|Any CPU
		{9ECABB01-BDDC-4FD2-B559-26352FAF4D59}.Release|iPhoneSimulator.ActiveCfg = Release|Any CPU
		{9ECABB01-BDDC-4FD2-B559-26352FAF4D59}.Release|iPhoneSimulator.Build.0 = Release|Any CPU
		{9ECABB01-BDDC-4FD2-B559-26352FAF4D59}.Release|x64.ActiveCfg = Release|Any CPU
		{9ECABB01-BDDC-4FD2-B559-26352FAF4D59}.Release|x64.Build.0 = Release|Any CPU
		{9ECABB01-BDDC-4FD2-B559-26352FAF4D59}.Release|x86.ActiveCfg = Release|Any CPU
		{9ECABB01-BDDC-4FD2-B559-26352FAF4D59}.Release|x86.Build.0 = Release|Any CPU
		{58A0C07B-DBFD-4313-9CEB-D79D760D4C7B}.Ad-Hoc|Any CPU.ActiveCfg = Release|Any CPU
		{58A0C07B-DBFD-4313-9CEB-D79D760D4C7B}.Ad-Hoc|Any CPU.Build.0 = Release|Any CPU
		{58A0C07B-DBFD-4313-9CEB-D79D760D4C7B}.Ad-Hoc|ARM.ActiveCfg = Release|Any CPU
		{58A0C07B-DBFD-4313-9CEB-D79D760D4C7B}.Ad-Hoc|ARM.Build.0 = Release|Any CPU
		{58A0C07B-DBFD-4313-9CEB-D79D760D4C7B}.Ad-Hoc|iPhone.ActiveCfg = Release|Any CPU
		{58A0C07B-DBFD-4313-9CEB-D79D760D4C7B}.Ad-Hoc|iPhone.Build.0 = Release|Any CPU
		{58A0C07B-DBFD-4313-9CEB-D79D760D4C7B}.Ad-Hoc|iPhoneSimulator.ActiveCfg = Release|Any CPU
		{58A0C07B-DBFD-4313-9CEB-D79D760D4C7B}.Ad-Hoc|iPhoneSimulator.Build.0 = Release|Any CPU
		{58A0C07B-DBFD-4313-9CEB-D79D760D4C7B}.Ad-Hoc|x64.ActiveCfg = Release|Any CPU
		{58A0C07B-DBFD-4313-9CEB-D79D760D4C7B}.Ad-Hoc|x64.Build.0 = Release|Any CPU
		{58A0C07B-DBFD-4313-9CEB-D79D760D4C7B}.Ad-Hoc|x86.ActiveCfg = Release|Any CPU
		{58A0C07B-DBFD-4313-9CEB-D79D760D4C7B}.Ad-Hoc|x86.Build.0 = Release|Any CPU
		{58A0C07B-DBFD-4313-9CEB-D79D760D4C7B}.AppStore|Any CPU.ActiveCfg = Release|Any CPU
		{58A0C07B-DBFD-4313-9CEB-D79D760D4C7B}.AppStore|Any CPU.Build.0 = Release|Any CPU
		{58A0C07B-DBFD-4313-9CEB-D79D760D4C7B}.AppStore|ARM.ActiveCfg = Release|Any CPU
		{58A0C07B-DBFD-4313-9CEB-D79D760D4C7B}.AppStore|ARM.Build.0 = Release|Any CPU
		{58A0C07B-DBFD-4313-9CEB-D79D760D4C7B}.AppStore|iPhone.ActiveCfg = Release|Any CPU
		{58A0C07B-DBFD-4313-9CEB-D79D760D4C7B}.AppStore|iPhone.Build.0 = Release|Any CPU
		{58A0C07B-DBFD-4313-9CEB-D79D760D4C7B}.AppStore|iPhoneSimulator.ActiveCfg = Release|Any CPU
		{58A0C07B-DBFD-4313-9CEB-D79D760D4C7B}.AppStore|iPhoneSimulator.Build.0 = Release|Any CPU
		{58A0C07B-DBFD-4313-9CEB-D79D760D4C7B}.AppStore|x64.ActiveCfg = Release|Any CPU
		{58A0C07B-DBFD-4313-9CEB-D79D760D4C7B}.AppStore|x64.Build.0 = Release|Any CPU
		{58A0C07B-DBFD-4313-9CEB-D79D760D4C7B}.AppStore|x86.ActiveCfg = Release|Any CPU
		{58A0C07B-DBFD-4313-9CEB-D79D760D4C7B}.AppStore|x86.Build.0 = Release|Any CPU
		{58A0C07B-DBFD-4313-9CEB-D79D760D4C7B}.Debug|Any CPU.ActiveCfg = Debug|Any CPU
		{58A0C07B-DBFD-4313-9CEB-D79D760D4C7B}.Debug|Any CPU.Build.0 = Debug|Any CPU
		{58A0C07B-DBFD-4313-9CEB-D79D760D4C7B}.Debug|Any CPU.Deploy.0 = Debug|Any CPU
		{58A0C07B-DBFD-4313-9CEB-D79D760D4C7B}.Debug|ARM.ActiveCfg = Debug|Any CPU
		{58A0C07B-DBFD-4313-9CEB-D79D760D4C7B}.Debug|ARM.Build.0 = Debug|Any CPU
		{58A0C07B-DBFD-4313-9CEB-D79D760D4C7B}.Debug|iPhone.ActiveCfg = Debug|Any CPU
		{58A0C07B-DBFD-4313-9CEB-D79D760D4C7B}.Debug|iPhone.Build.0 = Debug|Any CPU
		{58A0C07B-DBFD-4313-9CEB-D79D760D4C7B}.Debug|iPhoneSimulator.ActiveCfg = Debug|Any CPU
		{58A0C07B-DBFD-4313-9CEB-D79D760D4C7B}.Debug|iPhoneSimulator.Build.0 = Debug|Any CPU
		{58A0C07B-DBFD-4313-9CEB-D79D760D4C7B}.Debug|x64.ActiveCfg = Debug|Any CPU
		{58A0C07B-DBFD-4313-9CEB-D79D760D4C7B}.Debug|x64.Build.0 = Debug|Any CPU
		{58A0C07B-DBFD-4313-9CEB-D79D760D4C7B}.Debug|x86.ActiveCfg = Debug|Any CPU
		{58A0C07B-DBFD-4313-9CEB-D79D760D4C7B}.Debug|x86.Build.0 = Debug|Any CPU
		{58A0C07B-DBFD-4313-9CEB-D79D760D4C7B}.Release|Any CPU.ActiveCfg = Release|Any CPU
		{58A0C07B-DBFD-4313-9CEB-D79D760D4C7B}.Release|Any CPU.Build.0 = Release|Any CPU
		{58A0C07B-DBFD-4313-9CEB-D79D760D4C7B}.Release|Any CPU.Deploy.0 = Release|Any CPU
		{58A0C07B-DBFD-4313-9CEB-D79D760D4C7B}.Release|ARM.ActiveCfg = Release|Any CPU
		{58A0C07B-DBFD-4313-9CEB-D79D760D4C7B}.Release|ARM.Build.0 = Release|Any CPU
		{58A0C07B-DBFD-4313-9CEB-D79D760D4C7B}.Release|iPhone.ActiveCfg = Release|Any CPU
		{58A0C07B-DBFD-4313-9CEB-D79D760D4C7B}.Release|iPhone.Build.0 = Release|Any CPU
		{58A0C07B-DBFD-4313-9CEB-D79D760D4C7B}.Release|iPhoneSimulator.ActiveCfg = Release|Any CPU
		{58A0C07B-DBFD-4313-9CEB-D79D760D4C7B}.Release|iPhoneSimulator.Build.0 = Release|Any CPU
		{58A0C07B-DBFD-4313-9CEB-D79D760D4C7B}.Release|x64.ActiveCfg = Release|Any CPU
		{58A0C07B-DBFD-4313-9CEB-D79D760D4C7B}.Release|x64.Build.0 = Release|Any CPU
		{58A0C07B-DBFD-4313-9CEB-D79D760D4C7B}.Release|x86.ActiveCfg = Release|Any CPU
		{58A0C07B-DBFD-4313-9CEB-D79D760D4C7B}.Release|x86.Build.0 = Release|Any CPU
	EndGlobalSection
	GlobalSection(SolutionProperties) = preSolution
		HideSolutionNode = FALSE
	EndGlobalSection
	GlobalSection(ExtensibilityGlobals) = postSolution
		SolutionGuid = {F6D05029-56B8-4E45-AF2D-0E76295DDBA2}
	EndGlobalSection
EndGlobal
